# This file is automatically @generated by Cargo.
# It is not intended for manual editing.
version = 4

[[package]]
name = "anyhow"
version = "1.0.99"
source = "registry+https://github.com/rust-lang/crates.io-index"
checksum = "b0674a1ddeecb70197781e945de4b3b8ffb61fa939a5597bcf48503737663100"

[[package]]
name = "libm"
version = "0.2.15"
source = "registry+https://github.com/rust-lang/crates.io-index"
checksum = "f9fbbcab51052fe104eb5e5d351cf728d30a5be1fe14d9be8a3b097481fb97de"

[[package]]
name = "shared"
version = "0.1.0"
dependencies = [
 "anyhow",
 "wasmi",
]

[[package]]
name = "spin"
version = "0.9.8"
source = "registry+https://github.com/rust-lang/crates.io-index"
checksum = "6980e8d7511241f8acf4aebddbb1ff938df5eebe98691418c4468d0b72a96a67"

[[package]]
name = "wasmi"
version = "0.51.0"
source = "git+https://github.com/FedorSmirnov89/wasmi.git?rev=fae56e13f33a0cce6ef3a2be5bcfaa96f3671ae5#fae56e13f33a0cce6ef3a2be5bcfaa96f3671ae5"
dependencies = [
 "spin",
 "wasmi_collections",
 "wasmi_core",
 "wasmi_ir",
]

[[package]]
name = "wasmi_collections"
version = "0.51.0"
source = "git+https://github.com/FedorSmirnov89/wasmi.git?rev=fae56e13f33a0cce6ef3a2be5bcfaa96f3671ae5#fae56e13f33a0cce6ef3a2be5bcfaa96f3671ae5"

[[package]]
name = "wasmi_core"
version = "0.51.0"
source = "git+https://github.com/FedorSmirnov89/wasmi.git?rev=fae56e13f33a0cce6ef3a2be5bcfaa96f3671ae5#fae56e13f33a0cce6ef3a2be5bcfaa96f3671ae5"
dependencies = [
 "libm",
]

[[package]]
name = "wasmi_ir"
version = "0.51.0"
source = "git+https://github.com/FedorSmirnov89/wasmi.git?rev=fae56e13f33a0cce6ef3a2be5bcfaa96f3671ae5#fae56e13f33a0cce6ef3a2be5bcfaa96f3671ae5"
dependencies = [
 "wasmi_core",
]
